
Microsoft Visual Studio Solution File, Format Version 12.00
# Visual Studio Version 17
VisualStudioVersion = 17.14.36915.13
MinimumVisualStudioVersion = 10.0.40219.1
Project("{FAE04EC0-301F-11D3-BF4B-00C04F79EFBC}") = "GameStore.PL", "Game-Store\GameStore.PL.csproj", "{DAC1DEA8-F876-4A33-AFAB-A3C84D132394}"
EndProject
Project("{FAE04EC0-301F-11D3-BF4B-00C04F79EFBC}") = "GameStore.BLL", "GameStore.BLL\GameStore.BLL.csproj", "{9548A0BE-2E1F-4906-9E5E-282E2DD4D2C6}"
EndProject
Project("{FAE04EC0-301F-11D3-BF4B-00C04F79EFBC}") = "GameStore.DAL", "GameStore.DAL\GameStore.DAL.csproj", "{50445587-996F-4171-A6D0-79E6280947E4}"
EndProject
Project("{FAE04EC0-301F-11D3-BF4B-00C04F79EFBC}") = "GameStore.Tests", "GameStore.Tests\GameStore.Tests.csproj", "{A14DDE77-2310-4B50-A4EF-63333CB22468}"
EndProject
Global
	GlobalSection(SolutionConfigurationPlatforms) = preSolution
		Debug|Any CPU = Debug|Any CPU
		Debug|x64 = Debug|x64
		Debug|x86 = Debug|x86
		Release|Any CPU = Release|Any CPU
		Release|x64 = Release|x64
		Release|x86 = Release|x86
	EndGlobalSection
	GlobalSection(ProjectConfigurationPlatforms) = postSolution
		{DAC1DEA8-F876-4A33-AFAB-A3C84D132394}.Debug|Any CPU.ActiveCfg = Debug|Any CPU
		{DAC1DEA8-F876-4A33-AFAB-A3C84D132394}.Debug|Any CPU.Build.0 = Debug|Any CPU
		{DAC1DEA8-F876-4A33-AFAB-A3C84D132394}.Debug|x64.ActiveCfg = Debug|Any CPU
		{DAC1DEA8-F876-4A33-AFAB-A3C84D132394}.Debug|x64.Build.0 = Debug|Any CPU
		{DAC1DEA8-F876-4A33-AFAB-A3C84D132394}.Debug|x86.ActiveCfg = Debug|Any CPU
		{DAC1DEA8-F876-4A33-AFAB-A3C84D132394}.Debug|x86.Build.0 = Debug|Any CPU
		{DAC1DEA8-F876-4A33-AFAB-A3C84D132394}.Release|Any CPU.ActiveCfg = Release|Any CPU
		{DAC1DEA8-F876-4A33-AFAB-A3C84D132394}.Release|Any CPU.Build.0 = Release|Any CPU
		{DAC1DEA8-F876-4A33-AFAB-A3C84D132394}.Release|x64.ActiveCfg = Release|Any CPU
		{DAC1DEA8-F876-4A33-AFAB-A3C84D132394}.Release|x64.Build.0 = Release|Any CPU
		{DAC1DEA8-F876-4A33-AFAB-A3C84D132394}.Release|x86.ActiveCfg = Release|Any CPU
		{DAC1DEA8-F876-4A33-AFAB-A3C84D132394}.Release|x86.Build.0 = Release|Any CPU
		{9548A0BE-2E1F-4906-9E5E-282E2DD4D2C6}.Debug|Any CPU.ActiveCfg = Debug|Any CPU
		{9548A0BE-2E1F-4906-9E5E-282E2DD4D2C6}.Debug|Any CPU.Build.0 = Debug|Any CPU
		{9548A0BE-2E1F-4906-9E5E-282E2DD4D2C6}.Debug|x64.ActiveCfg = Debug|Any CPU
		{9548A0BE-2E1F-4906-9E5E-282E2DD4D2C6}.Debug|x64.Build.0 = Debug|Any CPU
		{9548A0BE-2E1F-4906-9E5E-282E2DD4D2C6}.Debug|x86.ActiveCfg = Debug|Any CPU
		{9548A0BE-2E1F-4906-9E5E-282E2DD4D2C6}.Debug|x86.Build.0 = Debug|Any CPU
		{9548A0BE-2E1F-4906-9E5E-282E2DD4D2C6}.Release|Any CPU.ActiveCfg = Release|Any CPU
		{9548A0BE-2E1F-4906-9E5E-282E2DD4D2C6}.Release|Any CPU.Build.0 = Release|Any CPU
		{9548A0BE-2E1F-4906-9E5E-282E2DD4D2C6}.Release|x64.ActiveCfg = Release|Any CPU
		{9548A0BE-2E1F-4906-9E5E-282E2DD4D2C6}.Release|x64.Build.0 = Release|Any CPU
		{9548A0BE-2E1F-4906-9E5E-282E2DD4D2C6}.Release|x86.ActiveCfg = Release|Any CPU
		{9548A0BE-2E1F-4906-9E5E-282E2DD4D2C6}.Release|x86.Build.0 = Release|Any CPU
		{50445587-996F-4171-A6D0-79E6280947E4}.Debug|Any CPU.ActiveCfg = Debug|Any CPU
		{50445587-996F-4171-A6D0-79E6280947E4}.Debug|Any CPU.Build.0 = Debug|Any CPU
		{50445587-996F-4171-A6D0-79E6280947E4}.Debug|x64.ActiveCfg = Debug|Any CPU
		{50445587-996F-4171-A6D0-79E6280947E4}.Debug|x64.Build.0 = Debug|Any CPU
		{50445587-996F-4171-A6D0-79E6280947E4}.Debug|x86.ActiveCfg = Debug|Any CPU
		{50445587-996F-4171-A6D0-79E6280947E4}.Debug|x86.Build.0 = Debug|Any CPU
		{50445587-996F-4171-A6D0-79E6280947E4}.Release|Any CPU.ActiveCfg = Release|Any CPU
		{50445587-996F-4171-A6D0-79E6280947E4}.Release|Any CPU.Build.0 = Release|Any CPU
		{50445587-996F-4171-A6D0-79E6280947E4}.Release|x64.ActiveCfg = Release|Any CPU
		{50445587-996F-4171-A6D0-79E6280947E4}.Release|x64.Build.0 = Release|Any CPU
		{50445587-996F-4171-A6D0-79E6280947E4}.Release|x86.ActiveCfg = Release|Any CPU
		{50445587-996F-4171-A6D0-79E6280947E4}.Release|x86.Build.0 = Release|Any CPU
		{A14DDE77-2310-4B50-A4EF-63333CB22468}.Debug|Any CPU.ActiveCfg = Debug|Any CPU
		{A14DDE77-2310-4B50-A4EF-63333CB22468}.Debug|Any CPU.Build.0 = Debug|Any CPU
		{A14DDE77-2310-4B50-A4EF-63333CB22468}.Debug|x64.ActiveCfg = Debug|Any CPU
		{A14DDE77-2310-4B50-A4EF-63333CB22468}.Debug|x64.Build.0 = Debug|Any CPU
		{A14DDE77-2310-4B50-A4EF-63333CB22468}.Debug|x86.ActiveCfg = Debug|Any CPU
		{A14DDE77-2310-4B50-A4EF-63333CB22468}.Debug|x86.Build.0 = Debug|Any CPU
		{A14DDE77-2310-4B50-A4EF-63333CB22468}.Release|Any CPU.ActiveCfg = Release|Any CPU
		{A14DDE77-2310-4B50-A4EF-63333CB22468}.Release|Any CPU.Build.0 = Release|Any CPU
		{A14DDE77-2310-4B50-A4EF-63333CB22468}.Release|x64.ActiveCfg = Release|Any CPU
		{A14DDE77-2310-4B50-A4EF-63333CB22468}.Release|x64.Build.0 = Release|Any CPU
		{A14DDE77-2310-4B50-A4EF-63333CB22468}.Release|x86.ActiveCfg = Release|Any CPU
		{A14DDE77-2310-4B50-A4EF-63333CB22468}.Release|x86.Build.0 = Release|Any CPU
	EndGlobalSection
	GlobalSection(SolutionProperties) = preSolution
		HideSolutionNode = FALSE
	EndGlobalSection
	GlobalSection(ExtensibilityGlobals) = postSolution
		SolutionGuid = {C05491B9-CCBF-4AE0-AD97-EAF9B4C1C23B}
	EndGlobalSection
EndGlobal
